# THIS IS AN AUTOGENERATED FILE. DO NOT EDIT THIS FILE DIRECTLY.
# yarn lockfile v1


"@types/prop-types@*":
  version "15.7.3"
  resolved "https://registry.npm.taobao.org/@types/prop-types/download/@types/prop-types-15.7.3.tgz?cache=0&sync_timestamp=1613380285346&other_urls=https%3A%2F%2Fregistry.npm.taobao.org%2F%40types%2Fprop-types%2Fdownload%2F%40types%2Fprop-types-15.7.3.tgz"
  integrity sha1-KrDV2i5YFflLC51LldHl8kOrLKc=

"@types/react-native@^0.64.2":
  version "0.64.2"
  resolved "https://registry.npm.taobao.org/@types/react-native/download/@types/react-native-0.64.2.tgz?cache=0&sync_timestamp=1616806857682&other_urls=https%3A%2F%2Fregistry.npm.taobao.org%2F%40types%2Freact-native%2Fdownload%2F%40types%2Freact-native-0.64.2.tgz"
  integrity sha1-LjRK7sC06yH7nqoO2JcyRcVgHVY=
  dependencies:
    "@types/react" "*"

"@types/react@*":
  version "17.0.3"
  resolved "https://registry.npm.taobao.org/@types/react/download/@types/react-17.0.3.tgz"
  integrity sha1-um4hU2hQGsOCaVHu8pBFdMJizHk=
  dependencies:
    "@types/prop-types" "*"
    "@types/scheduler" "*"
    csstype "^3.0.2"

"@types/scheduler@*":
  version "0.16.1"
  resolved "https://registry.npm.taobao.org/@types/scheduler/download/@types/scheduler-0.16.1.tgz"
  integrity sha1-GIRSBehv8AOFF6q3oYpiprn3EnU=

csstype@^3.0.2:
  version "3.0.7"
  resolved "https://registry.npm.taobao.org/csstype/download/csstype-3.0.7.tgz?cache=0&sync_timestamp=1614159885468&other_urls=https%3A%2F%2Fregistry.npm.taobao.org%2Fcsstype%2Fdownload%2Fcsstype-3.0.7.tgz"
  integrity sha1-Kl+3XhAV6E3RVpL3HomhRQKQlQs=

typescript@^4.2.3:
  version "4.2.3"
  resolved "https://registry.npm.taobao.org/typescript/download/typescript-4.2.3.tgz"
  integrity sha1-OQYtgBmRLUNyYpjwlJPVmASMHOM=
